
Microsoft Visual Studio Solution File, Format Version 12.00
# Visual Studio 15
VisualStudioVersion = 15.0.26124.0
MinimumVisualStudioVersion = 15.0.26124.0
Project("{FAE04EC0-301F-11D3-BF4B-00C04F79EFBC}") = "CodeInterview", "CodeInterview\CodeInterview.csproj", "{614E1608-E903-4B37-9EB7-C509A782DC27}"
EndProject
Project("{FAE04EC0-301F-11D3-BF4B-00C04F79EFBC}") = "CodeInterview.Common", "CodeInterview.Common\CodeInterview.Common.csproj", "{ECBC0CF2-18DF-462F-B4FD-0DD3BB1EA0FE}"
EndProject
Global
	GlobalSection(SolutionConfigurationPlatforms) = preSolution
		Debug|Any CPU = Debug|Any CPU
		Debug|x64 = Debug|x64
		Debug|x86 = Debug|x86
		Release|Any CPU = Release|Any CPU
		Release|x64 = Release|x64
		Release|x86 = Release|x86
	EndGlobalSection
	GlobalSection(SolutionProperties) = preSolution
		HideSolutionNode = FALSE
	EndGlobalSection
	GlobalSection(ProjectConfigurationPlatforms) = postSolution
		{614E1608-E903-4B37-9EB7-C509A782DC27}.Debug|Any CPU.ActiveCfg = Debug|Any CPU
		{614E1608-E903-4B37-9EB7-C509A782DC27}.Debug|Any CPU.Build.0 = Debug|Any CPU
		{614E1608-E903-4B37-9EB7-C509A782DC27}.Debug|x64.ActiveCfg = Debug|Any CPU
		{614E1608-E903-4B37-9EB7-C509A782DC27}.Debug|x64.Build.0 = Debug|Any CPU
		{614E1608-E903-4B37-9EB7-C509A782DC27}.Debug|x86.ActiveCfg = Debug|Any CPU
		{614E1608-E903-4B37-9EB7-C509A782DC27}.Debug|x86.Build.0 = Debug|Any CPU
		{614E1608-E903-4B37-9EB7-C509A782DC27}.Release|Any CPU.ActiveCfg = Release|Any CPU
		{614E1608-E903-4B37-9EB7-C509A782DC27}.Release|Any CPU.Build.0 = Release|Any CPU
		{614E1608-E903-4B37-9EB7-C509A782DC27}.Release|x64.ActiveCfg = Release|Any CPU
		{614E1608-E903-4B37-9EB7-C509A782DC27}.Release|x64.Build.0 = Release|Any CPU
		{614E1608-E903-4B37-9EB7-C509A782DC27}.Release|x86.ActiveCfg = Release|Any CPU
		{614E1608-E903-4B37-9EB7-C509A782DC27}.Release|x86.Build.0 = Release|Any CPU
		{ECBC0CF2-18DF-462F-B4FD-0DD3BB1EA0FE}.Debug|Any CPU.ActiveCfg = Debug|Any CPU
		{ECBC0CF2-18DF-462F-B4FD-0DD3BB1EA0FE}.Debug|Any CPU.Build.0 = Debug|Any CPU
		{ECBC0CF2-18DF-462F-B4FD-0DD3BB1EA0FE}.Debug|x64.ActiveCfg = Debug|Any CPU
		{ECBC0CF2-18DF-462F-B4FD-0DD3BB1EA0FE}.Debug|x64.Build.0 = Debug|Any CPU
		{ECBC0CF2-18DF-462F-B4FD-0DD3BB1EA0FE}.Debug|x86.ActiveCfg = Debug|Any CPU
		{ECBC0CF2-18DF-462F-B4FD-0DD3BB1EA0FE}.Debug|x86.Build.0 = Debug|Any CPU
		{ECBC0CF2-18DF-462F-B4FD-0DD3BB1EA0FE}.Release|Any CPU.ActiveCfg = Release|Any CPU
		{ECBC0CF2-18DF-462F-B4FD-0DD3BB1EA0FE}.Release|Any CPU.Build.0 = Release|Any CPU
		{ECBC0CF2-18DF-462F-B4FD-0DD3BB1EA0FE}.Release|x64.ActiveCfg = Release|Any CPU
		{ECBC0CF2-18DF-462F-B4FD-0DD3BB1EA0FE}.Release|x64.Build.0 = Release|Any CPU
		{ECBC0CF2-18DF-462F-B4FD-0DD3BB1EA0FE}.Release|x86.ActiveCfg = Release|Any CPU
		{ECBC0CF2-18DF-462F-B4FD-0DD3BB1EA0FE}.Release|x86.Build.0 = Release|Any CPU
	EndGlobalSection
EndGlobal
